
Microsoft Visual Studio Solution File, Format Version 12.00
# Visual Studio 15
VisualStudioVersion = 15.0.26730.16
MinimumVisualStudioVersion = 10.0.40219.1
Project("{FAE04EC0-301F-11D3-BF4B-00C04F79EFBC}") = "ConsoleLab", "ConsoleLab\ConsoleLab.csproj", "{7D018403-B240-439F-88A6-391A3438650F}"
EndProject
Project("{FAE04EC0-301F-11D3-BF4B-00C04F79EFBC}") = "InheritanceLab", "InheritanceLab\InheritanceLab.csproj", "{D7F7CB01-E8D8-4DDF-9DF7-E9A958B2565B}"
EndProject
Project("{FAE04EC0-301F-11D3-BF4B-00C04F79EFBC}") = "delegateLab", "delegateLab\delegateLab.csproj", "{9EA9E971-4555-4DAD-A76A-B8B766D4D779}"
EndProject
Project("{FAE04EC0-301F-11D3-BF4B-00C04F79EFBC}") = "OperatorLab", "OperatorLab\OperatorLab.csproj", "{E775B107-E66B-4E4F-9790-97DC0BEA8A34}"
EndProject
Project("{2150E333-8FDC-42A3-9474-1A3956D46DE8}") = "WCF", "WCF", "{FBFC8059-9DB4-43EC-9B74-578FE420AD6F}"
	ProjectSection(SolutionItems) = preProject
		SQL\Sql\Program.cs = SQL\Sql\Program.cs
	EndProjectSection
EndProject
Project("{FAE04EC0-301F-11D3-BF4B-00C04F79EFBC}") = "Services", "WCF\Services\Services.csproj", "{06091E34-0FDE-4433-92F1-A6446897E287}"
EndProject
Project("{FAE04EC0-301F-11D3-BF4B-00C04F79EFBC}") = "SelfHost", "WCF\SelfHost\SelfHost.csproj", "{EA7C128C-4182-4419-ACA1-B259498FA171}"
EndProject
Project("{FAE04EC0-301F-11D3-BF4B-00C04F79EFBC}") = "WCFClient", "WCF\WCFClient\WCFClient.csproj", "{30B1118D-2ACD-4140-BF02-C3262095931D}"
EndProject
Project("{2150E333-8FDC-42A3-9474-1A3956D46DE8}") = "ProgramControl", "ProgramControl", "{D0616A2D-DEF9-4764-BC33-62AF213E733D}"
EndProject
Project("{FAE04EC0-301F-11D3-BF4B-00C04F79EFBC}") = "ProgramControl", "ProgramControl\ProgramControl\ProgramControl.csproj", "{45022BD5-C337-4CEB-8F4A-3FE9A7B53F09}"
EndProject
Project("{FAE04EC0-301F-11D3-BF4B-00C04F79EFBC}") = "ClassLibrary1", "ProgramControl\ClassLibrary1\ClassLibrary1.csproj", "{8CAEE342-FAAE-4B1B-8195-AD4D764694AC}"
EndProject
Project("{FAE04EC0-301F-11D3-BF4B-00C04F79EFBC}") = "ServicesTests", "WCF\ServicesTests\ServicesTests.csproj", "{37364A43-4ED5-476A-9DA2-61037DD9B785}"
EndProject
Project("{2150E333-8FDC-42A3-9474-1A3956D46DE8}") = "Performence", "Performence", "{66E7514B-5BF4-4D12-B1A7-277A8D0E7F46}"
EndProject
Project("{FAE04EC0-301F-11D3-BF4B-00C04F79EFBC}") = "PerformanceTest", "PerformanceTest\PerformanceTest.csproj", "{0E7FD699-B772-42A2-B932-8333BFA95F03}"
EndProject
Project("{2150E333-8FDC-42A3-9474-1A3956D46DE8}") = "DebugTest", "DebugTest", "{DA43256D-2275-4FFB-901E-0F30C6EBCA71}"
EndProject
Project("{FAE04EC0-301F-11D3-BF4B-00C04F79EFBC}") = "Console", "Console\Console.csproj", "{22019420-227D-4CBD-885C-7B3116BFC3CF}"
EndProject
Project("{2150E333-8FDC-42A3-9474-1A3956D46DE8}") = "DLL", "DLL", "{2CD0052D-394C-46D6-AC9C-CE02B10BD2C6}"
EndProject
Project("{FAE04EC0-301F-11D3-BF4B-00C04F79EFBC}") = "Init", "DLL\Init\Init.csproj", "{3947D31E-4954-4F50-8B4C-537A9BFCCE11}"
EndProject
Project("{FAE04EC0-301F-11D3-BF4B-00C04F79EFBC}") = "DLL", "DLL\DLL\DLL.csproj", "{F2F78A12-ABE4-4219-923F-B94B63A6D1FB}"
EndProject
Project("{2150E333-8FDC-42A3-9474-1A3956D46DE8}") = "Socket", "Socket", "{51DC148B-6AE1-40B8-A01E-E9D8AD29D3F8}"
EndProject
Project("{FAE04EC0-301F-11D3-BF4B-00C04F79EFBC}") = "SocketSever", "Socket\SocketSevert\SocketSever.csproj", "{62631B6A-56D4-460E-BDDC-E064AC45E792}"
EndProject
Project("{FAE04EC0-301F-11D3-BF4B-00C04F79EFBC}") = "SocketClient", "Socket\SocketClient\SocketClient.csproj", "{6404A8CD-3291-47D5-B2F6-1008EC650E5F}"
EndProject
Project("{2150E333-8FDC-42A3-9474-1A3956D46DE8}") = "Dapper", "Dapper", "{6E6A4A41-FDBE-40E5-99F3-E68C7E2BD518}"
EndProject
Project("{FAE04EC0-301F-11D3-BF4B-00C04F79EFBC}") = "Dapper.Example", "Dapper\Dapper.Example\Dapper.Example.csproj", "{8A15B396-E96E-4483-8B53-1BB47AB6B4CA}"
EndProject
Project("{2150E333-8FDC-42A3-9474-1A3956D46DE8}") = "Monitor", "Monitor", "{89D66077-F1F7-4051-9BF0-FA557A362752}"
EndProject
Project("{FAE04EC0-301F-11D3-BF4B-00C04F79EFBC}") = "SystemMonitor", "Monitor\SystemMonitor\SystemMonitor.csproj", "{C24BF745-C32C-4F18-8C34-C79C3CD31927}"
EndProject
Project("{2150E333-8FDC-42A3-9474-1A3956D46DE8}") = "SQL", "SQL", "{0F5E66F6-340F-4645-BD07-D32EF6354097}"
EndProject
Project("{FAE04EC0-301F-11D3-BF4B-00C04F79EFBC}") = "Sql", "SQL\Sql\Sql.csproj", "{C3D63DA5-9ED0-4D3D-9179-CC3BD105D4F7}"
EndProject
Project("{2150E333-8FDC-42A3-9474-1A3956D46DE8}") = "Line", "Line", "{0B235A4A-7FDC-4281-8541-65A7B06BF99B}"
EndProject
Project("{FAE04EC0-301F-11D3-BF4B-00C04F79EFBC}") = "LineCenter", "Line\LineCenter\LineCenter.csproj", "{146E1F87-0DE2-4204-A324-23F851C2E0F7}"
EndProject
Project("{2150E333-8FDC-42A3-9474-1A3956D46DE8}") = "XML", "XML", "{D1AE14A5-3D88-4379-B76B-15C89FBC5186}"
EndProject
Project("{FAE04EC0-301F-11D3-BF4B-00C04F79EFBC}") = "XmlTest", "XML\XmlTest\XmlTest.csproj", "{1F219F3B-0425-4F6B-A980-613BC9DFC044}"
EndProject
Global
	GlobalSection(SolutionConfigurationPlatforms) = preSolution
		Debug|Any CPU = Debug|Any CPU
		Release|Any CPU = Release|Any CPU
	EndGlobalSection
	GlobalSection(ProjectConfigurationPlatforms) = postSolution
		{7D018403-B240-439F-88A6-391A3438650F}.Debug|Any CPU.ActiveCfg = Debug|Any CPU
		{7D018403-B240-439F-88A6-391A3438650F}.Debug|Any CPU.Build.0 = Debug|Any CPU
		{7D018403-B240-439F-88A6-391A3438650F}.Release|Any CPU.ActiveCfg = Release|Any CPU
		{7D018403-B240-439F-88A6-391A3438650F}.Release|Any CPU.Build.0 = Release|Any CPU
		{D7F7CB01-E8D8-4DDF-9DF7-E9A958B2565B}.Debug|Any CPU.ActiveCfg = Debug|Any CPU
		{D7F7CB01-E8D8-4DDF-9DF7-E9A958B2565B}.Debug|Any CPU.Build.0 = Debug|Any CPU
		{D7F7CB01-E8D8-4DDF-9DF7-E9A958B2565B}.Release|Any CPU.ActiveCfg = Release|Any CPU
		{D7F7CB01-E8D8-4DDF-9DF7-E9A958B2565B}.Release|Any CPU.Build.0 = Release|Any CPU
		{9EA9E971-4555-4DAD-A76A-B8B766D4D779}.Debug|Any CPU.ActiveCfg = Debug|Any CPU
		{9EA9E971-4555-4DAD-A76A-B8B766D4D779}.Debug|Any CPU.Build.0 = Debug|Any CPU
		{9EA9E971-4555-4DAD-A76A-B8B766D4D779}.Release|Any CPU.ActiveCfg = Release|Any CPU
		{9EA9E971-4555-4DAD-A76A-B8B766D4D779}.Release|Any CPU.Build.0 = Release|Any CPU
		{E775B107-E66B-4E4F-9790-97DC0BEA8A34}.Debug|Any CPU.ActiveCfg = Debug|Any CPU
		{E775B107-E66B-4E4F-9790-97DC0BEA8A34}.Debug|Any CPU.Build.0 = Debug|Any CPU
		{E775B107-E66B-4E4F-9790-97DC0BEA8A34}.Release|Any CPU.ActiveCfg = Release|Any CPU
		{E775B107-E66B-4E4F-9790-97DC0BEA8A34}.Release|Any CPU.Build.0 = Release|Any CPU
		{06091E34-0FDE-4433-92F1-A6446897E287}.Debug|Any CPU.ActiveCfg = Debug|Any CPU
		{06091E34-0FDE-4433-92F1-A6446897E287}.Debug|Any CPU.Build.0 = Debug|Any CPU
		{06091E34-0FDE-4433-92F1-A6446897E287}.Release|Any CPU.ActiveCfg = Release|Any CPU
		{06091E34-0FDE-4433-92F1-A6446897E287}.Release|Any CPU.Build.0 = Release|Any CPU
		{EA7C128C-4182-4419-ACA1-B259498FA171}.Debug|Any CPU.ActiveCfg = Debug|Any CPU
		{EA7C128C-4182-4419-ACA1-B259498FA171}.Debug|Any CPU.Build.0 = Debug|Any CPU
		{EA7C128C-4182-4419-ACA1-B259498FA171}.Release|Any CPU.ActiveCfg = Release|Any CPU
		{EA7C128C-4182-4419-ACA1-B259498FA171}.Release|Any CPU.Build.0 = Release|Any CPU
		{30B1118D-2ACD-4140-BF02-C3262095931D}.Debug|Any CPU.ActiveCfg = Debug|Any CPU
		{30B1118D-2ACD-4140-BF02-C3262095931D}.Debug|Any CPU.Build.0 = Debug|Any CPU
		{30B1118D-2ACD-4140-BF02-C3262095931D}.Release|Any CPU.ActiveCfg = Release|Any CPU
		{30B1118D-2ACD-4140-BF02-C3262095931D}.Release|Any CPU.Build.0 = Release|Any CPU
		{45022BD5-C337-4CEB-8F4A-3FE9A7B53F09}.Debug|Any CPU.ActiveCfg = Debug|Any CPU
		{45022BD5-C337-4CEB-8F4A-3FE9A7B53F09}.Debug|Any CPU.Build.0 = Debug|Any CPU
		{45022BD5-C337-4CEB-8F4A-3FE9A7B53F09}.Release|Any CPU.ActiveCfg = Release|Any CPU
		{45022BD5-C337-4CEB-8F4A-3FE9A7B53F09}.Release|Any CPU.Build.0 = Release|Any CPU
		{8CAEE342-FAAE-4B1B-8195-AD4D764694AC}.Debug|Any CPU.ActiveCfg = Debug|Any CPU
		{8CAEE342-FAAE-4B1B-8195-AD4D764694AC}.Debug|Any CPU.Build.0 = Debug|Any CPU
		{8CAEE342-FAAE-4B1B-8195-AD4D764694AC}.Release|Any CPU.ActiveCfg = Release|Any CPU
		{8CAEE342-FAAE-4B1B-8195-AD4D764694AC}.Release|Any CPU.Build.0 = Release|Any CPU
		{37364A43-4ED5-476A-9DA2-61037DD9B785}.Debug|Any CPU.ActiveCfg = Debug|Any CPU
		{37364A43-4ED5-476A-9DA2-61037DD9B785}.Debug|Any CPU.Build.0 = Debug|Any CPU
		{37364A43-4ED5-476A-9DA2-61037DD9B785}.Release|Any CPU.ActiveCfg = Release|Any CPU
		{37364A43-4ED5-476A-9DA2-61037DD9B785}.Release|Any CPU.Build.0 = Release|Any CPU
		{0E7FD699-B772-42A2-B932-8333BFA95F03}.Debug|Any CPU.ActiveCfg = Debug|Any CPU
		{0E7FD699-B772-42A2-B932-8333BFA95F03}.Debug|Any CPU.Build.0 = Debug|Any CPU
		{0E7FD699-B772-42A2-B932-8333BFA95F03}.Release|Any CPU.ActiveCfg = Release|Any CPU
		{0E7FD699-B772-42A2-B932-8333BFA95F03}.Release|Any CPU.Build.0 = Release|Any CPU
		{22019420-227D-4CBD-885C-7B3116BFC3CF}.Debug|Any CPU.ActiveCfg = Debug|Any CPU
		{22019420-227D-4CBD-885C-7B3116BFC3CF}.Debug|Any CPU.Build.0 = Debug|Any CPU
		{22019420-227D-4CBD-885C-7B3116BFC3CF}.Release|Any CPU.ActiveCfg = Release|Any CPU
		{22019420-227D-4CBD-885C-7B3116BFC3CF}.Release|Any CPU.Build.0 = Release|Any CPU
		{3947D31E-4954-4F50-8B4C-537A9BFCCE11}.Debug|Any CPU.ActiveCfg = Debug|Any CPU
		{3947D31E-4954-4F50-8B4C-537A9BFCCE11}.Debug|Any CPU.Build.0 = Debug|Any CPU
		{3947D31E-4954-4F50-8B4C-537A9BFCCE11}.Release|Any CPU.ActiveCfg = Release|Any CPU
		{3947D31E-4954-4F50-8B4C-537A9BFCCE11}.Release|Any CPU.Build.0 = Release|Any CPU
		{F2F78A12-ABE4-4219-923F-B94B63A6D1FB}.Debug|Any CPU.ActiveCfg = Debug|Any CPU
		{F2F78A12-ABE4-4219-923F-B94B63A6D1FB}.Debug|Any CPU.Build.0 = Debug|Any CPU
		{F2F78A12-ABE4-4219-923F-B94B63A6D1FB}.Release|Any CPU.ActiveCfg = Release|Any CPU
		{F2F78A12-ABE4-4219-923F-B94B63A6D1FB}.Release|Any CPU.Build.0 = Release|Any CPU
		{62631B6A-56D4-460E-BDDC-E064AC45E792}.Debug|Any CPU.ActiveCfg = Debug|Any CPU
		{62631B6A-56D4-460E-BDDC-E064AC45E792}.Debug|Any CPU.Build.0 = Debug|Any CPU
		{62631B6A-56D4-460E-BDDC-E064AC45E792}.Release|Any CPU.ActiveCfg = Release|Any CPU
		{62631B6A-56D4-460E-BDDC-E064AC45E792}.Release|Any CPU.Build.0 = Release|Any CPU
		{6404A8CD-3291-47D5-B2F6-1008EC650E5F}.Debug|Any CPU.ActiveCfg = Debug|Any CPU
		{6404A8CD-3291-47D5-B2F6-1008EC650E5F}.Debug|Any CPU.Build.0 = Debug|Any CPU
		{6404A8CD-3291-47D5-B2F6-1008EC650E5F}.Release|Any CPU.ActiveCfg = Release|Any CPU
		{6404A8CD-3291-47D5-B2F6-1008EC650E5F}.Release|Any CPU.Build.0 = Release|Any CPU
		{8A15B396-E96E-4483-8B53-1BB47AB6B4CA}.Debug|Any CPU.ActiveCfg = Debug|Any CPU
		{8A15B396-E96E-4483-8B53-1BB47AB6B4CA}.Debug|Any CPU.Build.0 = Debug|Any CPU
		{8A15B396-E96E-4483-8B53-1BB47AB6B4CA}.Release|Any CPU.ActiveCfg = Release|Any CPU
		{8A15B396-E96E-4483-8B53-1BB47AB6B4CA}.Release|Any CPU.Build.0 = Release|Any CPU
		{C24BF745-C32C-4F18-8C34-C79C3CD31927}.Debug|Any CPU.ActiveCfg = Debug|Any CPU
		{C24BF745-C32C-4F18-8C34-C79C3CD31927}.Debug|Any CPU.Build.0 = Debug|Any CPU
		{C24BF745-C32C-4F18-8C34-C79C3CD31927}.Release|Any CPU.ActiveCfg = Release|Any CPU
		{C24BF745-C32C-4F18-8C34-C79C3CD31927}.Release|Any CPU.Build.0 = Release|Any CPU
		{C3D63DA5-9ED0-4D3D-9179-CC3BD105D4F7}.Debug|Any CPU.ActiveCfg = Debug|Any CPU
		{C3D63DA5-9ED0-4D3D-9179-CC3BD105D4F7}.Debug|Any CPU.Build.0 = Debug|Any CPU
		{C3D63DA5-9ED0-4D3D-9179-CC3BD105D4F7}.Release|Any CPU.ActiveCfg = Release|Any CPU
		{C3D63DA5-9ED0-4D3D-9179-CC3BD105D4F7}.Release|Any CPU.Build.0 = Release|Any CPU
		{146E1F87-0DE2-4204-A324-23F851C2E0F7}.Debug|Any CPU.ActiveCfg = Debug|Any CPU
		{146E1F87-0DE2-4204-A324-23F851C2E0F7}.Debug|Any CPU.Build.0 = Debug|Any CPU
		{146E1F87-0DE2-4204-A324-23F851C2E0F7}.Release|Any CPU.ActiveCfg = Release|Any CPU
		{146E1F87-0DE2-4204-A324-23F851C2E0F7}.Release|Any CPU.Build.0 = Release|Any CPU
		{1F219F3B-0425-4F6B-A980-613BC9DFC044}.Debug|Any CPU.ActiveCfg = Debug|Any CPU
		{1F219F3B-0425-4F6B-A980-613BC9DFC044}.Debug|Any CPU.Build.0 = Debug|Any CPU
		{1F219F3B-0425-4F6B-A980-613BC9DFC044}.Release|Any CPU.ActiveCfg = Release|Any CPU
		{1F219F3B-0425-4F6B-A980-613BC9DFC044}.Release|Any CPU.Build.0 = Release|Any CPU
	EndGlobalSection
	GlobalSection(SolutionProperties) = preSolution
		HideSolutionNode = FALSE
	EndGlobalSection
	GlobalSection(NestedProjects) = preSolution
		{06091E34-0FDE-4433-92F1-A6446897E287} = {FBFC8059-9DB4-43EC-9B74-578FE420AD6F}
		{EA7C128C-4182-4419-ACA1-B259498FA171} = {FBFC8059-9DB4-43EC-9B74-578FE420AD6F}
		{30B1118D-2ACD-4140-BF02-C3262095931D} = {FBFC8059-9DB4-43EC-9B74-578FE420AD6F}
		{45022BD5-C337-4CEB-8F4A-3FE9A7B53F09} = {D0616A2D-DEF9-4764-BC33-62AF213E733D}
		{8CAEE342-FAAE-4B1B-8195-AD4D764694AC} = {D0616A2D-DEF9-4764-BC33-62AF213E733D}
		{0E7FD699-B772-42A2-B932-8333BFA95F03} = {66E7514B-5BF4-4D12-B1A7-277A8D0E7F46}
		{22019420-227D-4CBD-885C-7B3116BFC3CF} = {DA43256D-2275-4FFB-901E-0F30C6EBCA71}
		{3947D31E-4954-4F50-8B4C-537A9BFCCE11} = {2CD0052D-394C-46D6-AC9C-CE02B10BD2C6}
		{F2F78A12-ABE4-4219-923F-B94B63A6D1FB} = {2CD0052D-394C-46D6-AC9C-CE02B10BD2C6}
		{62631B6A-56D4-460E-BDDC-E064AC45E792} = {51DC148B-6AE1-40B8-A01E-E9D8AD29D3F8}
		{6404A8CD-3291-47D5-B2F6-1008EC650E5F} = {51DC148B-6AE1-40B8-A01E-E9D8AD29D3F8}
		{8A15B396-E96E-4483-8B53-1BB47AB6B4CA} = {6E6A4A41-FDBE-40E5-99F3-E68C7E2BD518}
		{C24BF745-C32C-4F18-8C34-C79C3CD31927} = {89D66077-F1F7-4051-9BF0-FA557A362752}
		{C3D63DA5-9ED0-4D3D-9179-CC3BD105D4F7} = {0F5E66F6-340F-4645-BD07-D32EF6354097}
		{146E1F87-0DE2-4204-A324-23F851C2E0F7} = {0B235A4A-7FDC-4281-8541-65A7B06BF99B}
		{1F219F3B-0425-4F6B-A980-613BC9DFC044} = {D1AE14A5-3D88-4379-B76B-15C89FBC5186}
	EndGlobalSection
	GlobalSection(ExtensibilityGlobals) = postSolution
		SolutionGuid = {7EA908DC-44F4-4E29-BFC3-5773F79C01DE}
	EndGlobalSection
EndGlobal
